
Microsoft Visual Studio Solution File, Format Version 12.00
# Visual Studio Version 17
VisualStudioVersion = 17.5.33627.172
MinimumVisualStudioVersion = 10.0.40219.1
Project("{FAE04EC0-301F-11D3-BF4B-00C04F79EFBC}") = "api-client-counter", "api-client-counter.csproj", "{130022E2-81FB-4794-9662-D904CA0C4793}"
EndProject
Global
	GlobalSection(SolutionConfigurationPlatforms) = preSolution
		Debug|Any CPU = Debug|Any CPU
		Release|Any CPU = Release|Any CPU
	EndGlobalSection
	GlobalSection(ProjectConfigurationPlatforms) = postSolution
		{130022E2-81FB-4794-9662-D904CA0C4793}.Debug|Any CPU.ActiveCfg = Debug|Any CPU
		{130022E2-81FB-4794-9662-D904CA0C4793}.Debug|Any CPU.Build.0 = Debug|Any CPU
		{130022E2-81FB-4794-9662-D904CA0C4793}.Release|Any CPU.ActiveCfg = Release|Any CPU
		{130022E2-81FB-4794-9662-D904CA0C4793}.Release|Any CPU.Build.0 = Release|Any CPU
	EndGlobalSection
	GlobalSection(SolutionProperties) = preSolution
		HideSolutionNode = FALSE
	EndGlobalSection
	GlobalSection(ExtensibilityGlobals) = postSolution
		SolutionGuid = {D2AB538C-48A1-4410-B3A5-D8EB0B195679}
	EndGlobalSection
EndGlobal
